
Microsoft Visual Studio Solution File, Format Version 12.00
# Visual Studio Version 17
VisualStudioVersion = 17.5.33530.505
MinimumVisualStudioVersion = 10.0.40219.1
Project("{FAE04EC0-301F-11D3-BF4B-00C04F79EFBC}") = "exam_pk111", "exam_pk111.csproj", "{7F951362-A4AD-4E42-BE8A-221BA8231E46}"
EndProject
Global
	GlobalSection(SolutionConfigurationPlatforms) = preSolution
		Debug|Any CPU = Debug|Any CPU
		Release|Any CPU = Release|Any CPU
	EndGlobalSection
	GlobalSection(ProjectConfigurationPlatforms) = postSolution
		{7F951362-A4AD-4E42-BE8A-221BA8231E46}.Debug|Any CPU.ActiveCfg = Debug|Any CPU
		{7F951362-A4AD-4E42-BE8A-221BA8231E46}.Debug|Any CPU.Build.0 = Debug|Any CPU
		{7F951362-A4AD-4E42-BE8A-221BA8231E46}.Release|Any CPU.ActiveCfg = Release|Any CPU
		{7F951362-A4AD-4E42-BE8A-221BA8231E46}.Release|Any CPU.Build.0 = Release|Any CPU
	EndGlobalSection
	GlobalSection(SolutionProperties) = preSolution
		HideSolutionNode = FALSE
	EndGlobalSection
	GlobalSection(ExtensibilityGlobals) = postSolution
		SolutionGuid = {E69CD1C2-111E-4DA4-9E54-90ED936BF050}
	EndGlobalSection
EndGlobal
